
Microsoft Visual Studio Solution File, Format Version 12.00
# Visual Studio Version 17
VisualStudioVersion = 17.11.35327.3
MinimumVisualStudioVersion = 10.0.40219.1
Project("{FAE04EC0-301F-11D3-BF4B-00C04F79EFBC}") = "AdventOfCode2024Day3", "AdventOfCode2024Day3.csproj", "{A46151F5-D883-4C3C-A9AD-DDEAF20F4768}"
EndProject
Global
	GlobalSection(SolutionConfigurationPlatforms) = preSolution
		Debug|Any CPU = Debug|Any CPU
		Release|Any CPU = Release|Any CPU
	EndGlobalSection
	GlobalSection(ProjectConfigurationPlatforms) = postSolution
		{A46151F5-D883-4C3C-A9AD-DDEAF20F4768}.Debug|Any CPU.ActiveCfg = Debug|Any CPU
		{A46151F5-D883-4C3C-A9AD-DDEAF20F4768}.Debug|Any CPU.Build.0 = Debug|Any CPU
		{A46151F5-D883-4C3C-A9AD-DDEAF20F4768}.Release|Any CPU.ActiveCfg = Release|Any CPU
		{A46151F5-D883-4C3C-A9AD-DDEAF20F4768}.Release|Any CPU.Build.0 = Release|Any CPU
	EndGlobalSection
	GlobalSection(SolutionProperties) = preSolution
		HideSolutionNode = FALSE
	EndGlobalSection
	GlobalSection(ExtensibilityGlobals) = postSolution
		SolutionGuid = {AB5D4748-5AAA-4BF9-B017-94EF219BC5C7}
	EndGlobalSection
EndGlobal
